// !$*UTF8*$!
{
	archiveVersion = 1;
	classes = {
	};
	objectVersion = 56;
	objects = {

/* Begin PBXBuildFile section */
		BB29B3542D2D55AB00722B44 /* AppDelegate.swift in Sources */ = {isa = PBXBuildFile; fileRef = BB29B3532D2D55AB00722B44 /* AppDelegate.swift */; };
		BB29B3562D2D55AB00722B44 /* SceneDelegate.swift in Sources */ = {isa = PBXBuildFile; fileRef = BB29B3552D2D55AB00722B44 /* SceneDelegate.swift */; };
		BB29B3582D2D55AB00722B44 /* ViewController.swift in Sources */ = {isa = PBXBuildFile; fileRef = BB29B3572D2D55AB00722B44 /* ViewController.swift */; };
		BB29B35B2D2D55AB00722B44 /* Main.storyboard in Resources */ = {isa = PBXBuildFile; fileRef = BB29B3592D2D55AB00722B44 /* Main.storyboard */; };
		BB29B35D2D2D55AD00722B44 /* Assets.xcassets in Resources */ = {isa = PBXBuildFile; fileRef = BB29B35C2D2D55AD00722B44 /* Assets.xcassets */; };
		BB29B3602D2D55AD00722B44 /* LaunchScreen.storyboard in Resources */ = {isa = PBXBuildFile; fileRef = BB29B35E2D2D55AD00722B44 /* LaunchScreen.storyboard */; };
		BB29B36B2D2D55AD00722B44 /* Counter2Tests.swift in Sources */ = {isa = PBXBuildFile; fileRef = BB29B36A2D2D55AD00722B44 /* Counter2Tests.swift */; };
		BB29B3752D2D55AD00722B44 /* Counter2UITests.swift in Sources */ = {isa = PBXBuildFile; fileRef = BB29B3742D2D55AD00722B44 /* Counter2UITests.swift */; };
		BB29B3772D2D55AD00722B44 /* Counter2UITestsLaunchTests.swift in Sources */ = {isa = PBXBuildFile; fileRef = BB29B3762D2D55AD00722B44 /* Counter2UITestsLaunchTests.swift */; };
/* End PBXBuildFile section */

/* Begin PBXContainerItemProxy section */
		BB29B3672D2D55AD00722B44 /* PBXContainerItemProxy */ = {
			isa = PBXContainerItemProxy;
			containerPortal = BB29B3482D2D55AB00722B44 /* Project object */;
			proxyType = 1;
			remoteGlobalIDString = BB29B34F2D2D55AB00722B44;
			remoteInfo = Counter2;
		};
		BB29B3712D2D55AD00722B44 /* PBXContainerItemProxy */ = {
			isa = PBXContainerItemProxy;
			containerPortal = BB29B3482D2D55AB00722B44 /* Project object */;
			proxyType = 1;
			remoteGlobalIDString = BB29B34F2D2D55AB00722B44;
			remoteInfo = Counter2;
		};
/* End PBXContainerItemProxy section */

/* Begin PBXFileReference section */
		BB29B3502D2D55AB00722B44 /* Counter2.app */ = {isa = PBXFileReference; explicitFileType = wrapper.application; includeInIndex = 0; path = Counter2.app; sourceTree = BUILT_PRODUCTS_DIR; };
		BB29B3532D2D55AB00722B44 /* AppDelegate.swift */ = {isa = PBXFileReference; lastKnownFileType = sourcecode.swift; path = AppDelegate.swift; sourceTree = "<group>"; };
		BB29B3552D2D55AB00722B44 /* SceneDelegate.swift */ = {isa = PBXFileReference; lastKnownFileType = sourcecode.swift; path = SceneDelegate.swift; sourceTree = "<group>"; };
		BB29B3572D2D55AB00722B44 /* ViewController.swift */ = {isa = PBXFileReference; lastKnownFileType = sourcecode.swift; path = ViewController.swift; sourceTree = "<group>"; };
		BB29B35A2D2D55AB00722B44 /* Base */ = {isa = PBXFileReference; lastKnownFileType = file.storyboard; name = Base; path = Base.lproj/Main.storyboard; sourceTree = "<group>"; };
		BB29B35C2D2D55AD00722B44 /* Assets.xcassets */ = {isa = PBXFileReference; lastKnownFileType = folder.assetcatalog; path = Assets.xcassets; sourceTree = "<group>"; };
		BB29B35F2D2D55AD00722B44 /* Base */ = {isa = PBXFileReference; lastKnownFileType = file.storyboard; name = Base; path = Base.lproj/LaunchScreen.storyboard; sourceTree = "<group>"; };
		BB29B3612D2D55AD00722B44 /* Info.plist */ = {isa = PBXFileReference; lastKnownFileType = text.plist.xml; path = Info.plist; sourceTree = "<group>"; };
		BB29B3662D2D55AD00722B44 /* Counter2Tests.xctest */ = {isa = PBXFileReference; explicitFileType = wrapper.cfbundle; includeInIndex = 0; path = Counter2Tests.xctest; sourceTree = BUILT_PRODUCTS_DIR; };
		BB29B36A2D2D55AD00722B44 /* Counter2Tests.swift */ = {isa = PBXFileReference; lastKnownFileType = sourcecode.swift; path = Counter2Tests.swift; sourceTree = "<group>"; };
		BB29B3702D2D55AD00722B44 /* Counter2UITests.xctest */ = {isa = PBXFileReference; explicitFileType = wrapper.cfbundle; includeInIndex = 0; path = Counter2UITests.xctest; sourceTree = BUILT_PRODUCTS_DIR; };
		BB29B3742D2D55AD00722B44 /* Counter2UITests.swift */ = {isa = PBXFileReference; lastKnownFileType = sourcecode.swift; path = Counter2UITests.swift; sourceTree = "<group>"; };
		BB29B3762D2D55AD00722B44 /* Counter2UITestsLaunchTests.swift */ = {isa = PBXFileReference; lastKnownFileType = sourcecode.swift; path = Counter2UITestsLaunchTests.swift; sourceTree = "<group>"; };
/* End PBXFileReference section */

/* Begin PBXFrameworksBuildPhase section */
		BB29B34D2D2D55AB00722B44 /* Frameworks */ = {
			isa = PBXFrameworksBuildPhase;
			buildActionMask = 2147483647;
			files = (
			);
			runOnlyForDeploymentPostprocessing = 0;
		};
		BB29B3632D2D55AD00722B44 /* Frameworks */ = {
			isa = PBXFrameworksBuildPhase;
			buildActionMask = 2147483647;
			files = (
			);
			runOnlyForDeploymentPostprocessing = 0;
		};
		BB29B36D2D2D55AD00722B44 /* Frameworks */ = {
			isa = PBXFrameworksBuildPhase;
			buildActionMask = 2147483647;
			files = (
			);
			runOnlyForDeploymentPostprocessing = 0;
		};
/* End PBXFrameworksBuildPhase section */

/* Begin PBXGroup section */
		BB29B3472D2D55AB00722B44 = {
			isa = PBXGroup;
			children = (
				BB29B3522D2D55AB00722B44 /* Counter2 */,
				BB29B3692D2D55AD00722B44 /* Counter2Tests */,
				BB29B3732D2D55AD00722B44 /* Counter2UITests */,
				BB29B3512D2D55AB00722B44 /* Products */,
			);
			sourceTree = "<group>";
		};
		BB29B3512D2D55AB00722B44 /* Products */ = {
			isa = PBXGroup;
			children = (
				BB29B3502D2D55AB00722B44 /* Counter2.app */,
				BB29B3662D2D55AD00722B44 /* Counter2Tests.xctest */,
				BB29B3702D2D55AD00722B44 /* Counter2UITests.xctest */,
			);
			name = Products;
			sourceTree = "<group>";
		};
		BB29B3522D2D55AB00722B44 /* Counter2 */ = {
			isa = PBXGroup;
			children = (
				BB29B3532D2D55AB00722B44 /* AppDelegate.swift */,
				BB29B3552D2D55AB00722B44 /* SceneDelegate.swift */,
				BB29B3572D2D55AB00722B44 /* ViewController.swift */,
				BB29B3592D2D55AB00722B44 /* Main.storyboard */,
				BB29B35C2D2D55AD00722B44 /* Assets.xcassets */,
				BB29B35E2D2D55AD00722B44 /* LaunchScreen.storyboard */,
				BB29B3612D2D55AD00722B44 /* Info.plist */,
			);
			path = Counter2;
			sourceTree = "<group>";
		};
		BB29B3692D2D55AD00722B44 /* Counter2Tests */ = {
			isa = PBXGroup;
			children = (
				BB29B36A2D2D55AD00722B44 /* Counter2Tests.swift */,
			);
			path = Counter2Tests;
			sourceTree = "<group>";
		};
		BB29B3732D2D55AD00722B44 /* Counter2UITests */ = {
			isa = PBXGroup;
			children = (
				BB29B3742D2D55AD00722B44 /* Counter2UITests.swift */,
				BB29B3762D2D55AD00722B44 /* Counter2UITestsLaunchTests.swift */,
			);
			path = Counter2UITests;
			sourceTree = "<group>";
		};
/* End PBXGroup section */

/* Begin PBXNativeTarget section */
		BB29B34F2D2D55AB00722B44 /* Counter2 */ = {
			isa = PBXNativeTarget;
			buildConfigurationList = BB29B37A2D2D55AD00722B44 /* Build configuration list for PBXNativeTarget "Counter2" */;
			buildPhases = (
				BB29B34C2D2D55AB00722B44 /* Sources */,
				BB29B34D2D2D55AB00722B44 /* Frameworks */,
				BB29B34E2D2D55AB00722B44 /* Resources */,
			);
			buildRules = (
			);
			dependencies = (
			);
			name = Counter2;
			productName = Counter2;
			productReference = BB29B3502D2D55AB00722B44 /* Counter2.app */;
			productType = "com.apple.product-type.application";
		};
		BB29B3652D2D55AD00722B44 /* Counter2Tests */ = {
			isa = PBXNativeTarget;
			buildConfigurationList = BB29B37D2D2D55AD00722B44 /* Build configuration list for PBXNativeTarget "Counter2Tests" */;
			buildPhases = (
				BB29B3622D2D55AD00722B44 /* Sources */,
				BB29B3632D2D55AD00722B44 /* Frameworks */,
				BB29B3642D2D55AD00722B44 /* Resources */,
			);
			buildRules = (
			);
			dependencies = (
				BB29B3682D2D55AD00722B44 /* PBXTargetDependency */,
			);
			name = Counter2Tests;
			productName = Counter2Tests;
			productReference = BB29B3662D2D55AD00722B44 /* Counter2Tests.xctest */;
			productType = "com.apple.product-type.bundle.unit-test";
		};
		BB29B36F2D2D55AD00722B44 /* Counter2UITests */ = {
			isa = PBXNativeTarget;
			buildConfigurationList = BB29B3802D2D55AD00722B44 /* Build configuration list for PBXNativeTarget "Counter2UITests" */;
			buildPhases = (
				BB29B36C2D2D55AD00722B44 /* Sources */,
				BB29B36D2D2D55AD00722B44 /* Frameworks */,
				BB29B36E2D2D55AD00722B44 /* Resources */,
			);
			buildRules = (
			);
			dependencies = (
				BB29B3722D2D55AD00722B44 /* PBXTargetDependency */,
			);
			name = Counter2UITests;
			productName = Counter2UITests;
			productReference = BB29B3702D2D55AD00722B44 /* Counter2UITests.xctest */;
			productType = "com.apple.product-type.bundle.ui-testing";
		};
/* End PBXNativeTarget section */

/* Begin PBXProject section */
		BB29B3482D2D55AB00722B44 /* Project object */ = {
			isa = PBXProject;
			attributes = {
				BuildIndependentTargetsInParallel = 1;
				LastSwiftUpdateCheck = 1500;
				LastUpgradeCheck = 1500;
				TargetAttributes = {
					BB29B34F2D2D55AB00722B44 = {
						CreatedOnToolsVersion = 15.0;
					};
					BB29B3652D2D55AD00722B44 = {
						CreatedOnToolsVersion = 15.0;
						TestTargetID = BB29B34F2D2D55AB00722B44;
					};
					BB29B36F2D2D55AD00722B44 = {
						CreatedOnToolsVersion = 15.0;
						TestTargetID = BB29B34F2D2D55AB00722B44;
					};
				};
			};
			buildConfigurationList = BB29B34B2D2D55AB00722B44 /* Build configuration list for PBXProject "Counter2" */;
			compatibilityVersion = "Xcode 14.0";
			developmentRegion = en;
			hasScannedForEncodings = 0;
			knownRegions = (
				en,
				Base,
			);
			mainGroup = BB29B3472D2D55AB00722B44;
			productRefGroup = BB29B3512D2D55AB00722B44 /* Products */;
			projectDirPath = "";
			projectRoot = "";
			targets = (
				BB29B34F2D2D55AB00722B44 /* Counter2 */,
				BB29B3652D2D55AD00722B44 /* Counter2Tests */,
				BB29B36F2D2D55AD00722B44 /* Counter2UITests */,
			);
		};
/* End PBXProject section */

/* Begin PBXResourcesBuildPhase section */
		BB29B34E2D2D55AB00722B44 /* Resources */ = {
			isa = PBXResourcesBuildPhase;
			buildActionMask = 2147483647;
			files = (
				BB29B3602D2D55AD00722B44 /* LaunchScreen.storyboard in Resources */,
				BB29B35D2D2D55AD00722B44 /* Assets.xcassets in Resources */,
				BB29B35B2D2D55AB00722B44 /* Main.storyboard in Resources */,
			);
			runOnlyForDeploymentPostprocessing = 0;
		};
		BB29B3642D2D55AD00722B44 /* Resources */ = {
			isa = PBXResourcesBuildPhase;
			buildActionMask = 2147483647;
			files = (
			);
			runOnlyForDeploymentPostprocessing = 0;
		};
		BB29B36E2D2D55AD00722B44 /* Resources */ = {
			isa = PBXResourcesBuildPhase;
			buildActionMask = 2147483647;
			files = (
			);
			runOnlyForDeploymentPostprocessing = 0;
		};
/* End PBXResourcesBuildPhase section */

/* Begin PBXSourcesBuildPhase section */
		BB29B34C2D2D55AB00722B44 /* Sources */ = {
			isa = PBXSourcesBuildPhase;
			buildActionMask = 2147483647;
			files = (
				BB29B3582D2D55AB00722B44 /* ViewController.swift in Sources */,
				BB29B3542D2D55AB00722B44 /* AppDelegate.swift in Sources */,
				BB29B3562D2D55AB00722B44 /* SceneDelegate.swift in Sources */,
			);
			runOnlyForDeploymentPostprocessing = 0;
		};
		BB29B3622D2D55AD00722B44 /* Sources */ = {
			isa = PBXSourcesBuildPhase;
			buildActionMask = 2147483647;
			files = (
				BB29B36B2D2D55AD00722B44 /* Counter2Tests.swift in Sources */,
			);
			runOnlyForDeploymentPostprocessing = 0;
		};
		BB29B36C2D2D55AD00722B44 /* Sources */ = {
			isa = PBXSourcesBuildPhase;
			buildActionMask = 2147483647;
			files = (
				BB29B3772D2D55AD00722B44 /* Counter2UITestsLaunchTests.swift in Sources */,
				BB29B3752D2D55AD00722B44 /* Counter2UITests.swift in Sources */,
			);
			runOnlyForDeploymentPostprocessing = 0;
		};
/* End PBXSourcesBuildPhase section */

/* Begin PBXTargetDependency section */
		BB29B3682D2D55AD00722B44 /* PBXTargetDependency */ = {
			isa = PBXTargetDependency;
			target = BB29B34F2D2D55AB00722B44 /* Counter2 */;
			targetProxy = BB29B3672D2D55AD00722B44 /* PBXContainerItemProxy */;
		};
		BB29B3722D2D55AD00722B44 /* PBXTargetDependency */ = {
			isa = PBXTargetDependency;
			target = BB29B34F2D2D55AB00722B44 /* Counter2 */;
			targetProxy = BB29B3712D2D55AD00722B44 /* PBXContainerItemProxy */;
		};
/* End PBXTargetDependency section */

/* Begin PBXVariantGroup section */
		BB29B3592D2D55AB00722B44 /* Main.storyboard */ = {
			isa = PBXVariantGroup;
			children = (
				BB29B35A2D2D55AB00722B44 /* Base */,
			);
			name = Main.storyboard;
			sourceTree = "<group>";
		};
		BB29B35E2D2D55AD00722B44 /* LaunchScreen.storyboard */ = {
			isa = PBXVariantGroup;
			children = (
				BB29B35F2D2D55AD00722B44 /* Base */,
			);
			name = LaunchScreen.storyboard;
			sourceTree = "<group>";
		};
/* End PBXVariantGroup section */

/* Begin XCBuildConfiguration section */
		BB29B3782D2D55AD00722B44 /* Debug */ = {
			isa = XCBuildConfiguration;
			buildSettings = {
				ALWAYS_SEARCH_USER_PATHS = NO;
				ASSETCATALOG_COMPILER_GENERATE_SWIFT_ASSET_SYMBOL_EXTENSIONS = YES;
				CLANG_ANALYZER_NONNULL = YES;
				CLANG_ANALYZER_NUMBER_OBJECT_CONVERSION = YES_AGGRESSIVE;
				CLANG_CXX_LANGUAGE_STANDARD = "gnu++20";
				CLANG_ENABLE_MODULES = YES;
				CLANG_ENABLE_OBJC_ARC = YES;
				CLANG_ENABLE_OBJC_WEAK = YES;
				CLANG_WARN_BLOCK_CAPTURE_AUTORELEASING = YES;
				CLANG_WARN_BOOL_CONVERSION = YES;
				CLANG_WARN_COMMA = YES;
				CLANG_WARN_CONSTANT_CONVERSION = YES;
				CLANG_WARN_DEPRECATED_OBJC_IMPLEMENTATIONS = YES;
				CLANG_WARN_DIRECT_OBJC_ISA_USAGE = YES_ERROR;
				CLANG_WARN_DOCUMENTATION_COMMENTS = YES;
				CLANG_WARN_EMPTY_BODY = YES;
				CLANG_WARN_ENUM_CONVERSION = YES;
				CLANG_WARN_INFINITE_RECURSION = YES;
				CLANG_WARN_INT_CONVERSION = YES;
				CLANG_WARN_NON_LITERAL_NULL_CONVERSION = YES;
				CLANG_WARN_OBJC_IMPLICIT_RETAIN_SELF = YES;
				CLANG_WARN_OBJC_LITERAL_CONVERSION = YES;
				CLANG_WARN_OBJC_ROOT_CLASS = YES_ERROR;
				CLANG_WARN_QUOTED_INCLUDE_IN_FRAMEWORK_HEADER = YES;
				CLANG_WARN_RANGE_LOOP_ANALYSIS = YES;
				CLANG_WARN_STRICT_PROTOTYPES = YES;
				CLANG_WARN_SUSPICIOUS_MOVE = YES;
				CLANG_WARN_UNGUARDED_AVAILABILITY = YES_AGGRESSIVE;
				CLANG_WARN_UNREACHABLE_CODE = YES;
				CLANG_WARN__DUPLICATE_METHOD_MATCH = YES;
				COPY_PHASE_STRIP = NO;
				DEBUG_INFORMATION_FORMAT = dwarf;
				ENABLE_STRICT_OBJC_MSGSEND = YES;
				ENABLE_TESTABILITY = YES;
				ENABLE_USER_SCRIPT_SANDBOXING = YES;
				GCC_C_LANGUAGE_STANDARD = gnu17;
				GCC_DYNAMIC_NO_PIC = NO;
				GCC_NO_COMMON_BLOCKS = YES;
				GCC_OPTIMIZATION_LEVEL = 0;
				GCC_PREPROCESSOR_DEFINITIONS = (
					"DEBUG=1",
					"$(inherited)",
				);
				GCC_WARN_64_TO_32_BIT_CONVERSION = YES;
				GCC_WARN_ABOUT_RETURN_TYPE = YES_ERROR;
				GCC_WARN_UNDECLARED_SELECTOR = YES;
				GCC_WARN_UNINITIALIZED_AUTOS = YES_AGGRESSIVE;
				GCC_WARN_UNUSED_FUNCTION = YES;
				GCC_WARN_UNUSED_VARIABLE = YES;
				IPHONEOS_DEPLOYMENT_TARGET = 17.0;
				LOCALIZATION_PREFERS_STRING_CATALOGS = YES;
				MTL_ENABLE_DEBUG_INFO = INCLUDE_SOURCE;
				MTL_FAST_MATH = YES;
				ONLY_ACTIVE_ARCH = YES;
				SDKROOT = iphoneos;
				SWIFT_ACTIVE_COMPILATION_CONDITIONS = "DEBUG $(inherited)";
				SWIFT_OPTIMIZATION_LEVEL = "-Onone";
			};
			name = Debug;
		};
		BB29B3792D2D55AD00722B44 /* Release */ = {
			isa = XCBuildConfiguration;
			buildSettings = {
				ALWAYS_SEARCH_USER_PATHS = NO;
				ASSETCATALOG_COMPILER_GENERATE_SWIFT_ASSET_SYMBOL_EXTENSIONS = YES;
				CLANG_ANALYZER_NONNULL = YES;
				CLANG_ANALYZER_NUMBER_OBJECT_CONVERSION = YES_AGGRESSIVE;
				CLANG_CXX_LANGUAGE_STANDARD = "gnu++20";
				CLANG_ENABLE_MODULES = YES;
				CLANG_ENABLE_OBJC_ARC = YES;
				CLANG_ENABLE_OBJC_WEAK = YES;
				CLANG_WARN_BLOCK_CAPTURE_AUTORELEASING = YES;
				CLANG_WARN_BOOL_CONVERSION = YES;
				CLANG_WARN_COMMA = YES;
				CLANG_WARN_CONSTANT_CONVERSION = YES;
				CLANG_WARN_DEPRECATED_OBJC_IMPLEMENTATIONS = YES;
				CLANG_WARN_DIRECT_OBJC_ISA_USAGE = YES_ERROR;
				CLANG_WARN_DOCUMENTATION_COMMENTS = YES;
				CLANG_WARN_EMPTY_BODY = YES;
				CLANG_WARN_ENUM_CONVERSION = YES;
				CLANG_WARN_INFINITE_RECURSION = YES;
				CLANG_WARN_INT_CONVERSION = YES;
				CLANG_WARN_NON_LITERAL_NULL_CONVERSION = YES;
				CLANG_WARN_OBJC_IMPLICIT_RETAIN_SELF = YES;
				CLANG_WARN_OBJC_LITERAL_CONVERSION = YES;
				CLANG_WARN_OBJC_ROOT_CLASS = YES_ERROR;
				CLANG_WARN_QUOTED_INCLUDE_IN_FRAMEWORK_HEADER = YES;
				CLANG_WARN_RANGE_LOOP_ANALYSIS = YES;
				CLANG_WARN_STRICT_PROTOTYPES = YES;
				CLANG_WARN_SUSPICIOUS_MOVE = YES;
				CLANG_WARN_UNGUARDED_AVAILABILITY = YES_AGGRESSIVE;
				CLANG_WARN_UNREACHABLE_CODE = YES;
				CLANG_WARN__DUPLICATE_METHOD_MATCH = YES;
				COPY_PHASE_STRIP = NO;
				DEBUG_INFORMATION_FORMAT = "dwarf-with-dsym";
				ENABLE_NS_ASSERTIONS = NO;
				ENABLE_STRICT_OBJC_MSGSEND = YES;
				ENABLE_USER_SCRIPT_SANDBOXING = YES;
				GCC_C_LANGUAGE_STANDARD = gnu17;
				GCC_NO_COMMON_BLOCKS = YES;
				GCC_WARN_64_TO_32_BIT_CONVERSION = YES;
				GCC_WARN_ABOUT_RETURN_TYPE = YES_ERROR;
				GCC_WARN_UNDECLARED_SELECTOR = YES;
				GCC_WARN_UNINITIALIZED_AUTOS = YES_AGGRESSIVE;
				GCC_WARN_UNUSED_FUNCTION = YES;
				GCC_WARN_UNUSED_VARIABLE = YES;
				IPHONEOS_DEPLOYMENT_TARGET = 17.0;
				LOCALIZATION_PREFERS_STRING_CATALOGS = YES;
				MTL_ENABLE_DEBUG_INFO = NO;
				MTL_FAST_MATH = YES;
				SDKROOT = iphoneos;
				SWIFT_COMPILATION_MODE = wholemodule;
				VALIDATE_PRODUCT = YES;
			};
			name = Release;
		};
		BB29B37B2D2D55AD00722B44 /* Debug */ = {
			isa = XCBuildConfiguration;
			buildSettings = {
				ASSETCATALOG_COMPILER_APPICON_NAME = AppIcon;
				ASSETCATALOG_COMPILER_GLOBAL_ACCENT_COLOR_NAME = AccentColor;
				CODE_SIGN_STYLE = Automatic;
				CURRENT_PROJECT_VERSION = 1;
				DEVELOPMENT_TEAM = V6G36U4SCA;
				GENERATE_INFOPLIST_FILE = YES;
				INFOPLIST_FILE = Counter2/Info.plist;
				INFOPLIST_KEY_UIApplicationSupportsIndirectInputEvents = YES;
				INFOPLIST_KEY_UILaunchStoryboardName = LaunchScreen;
				INFOPLIST_KEY_UIMainStoryboardFile = Main;
				INFOPLIST_KEY_UISupportedInterfaceOrientations_iPad = "UIInterfaceOrientationPortrait UIInterfaceOrientationPortraitUpsideDown UIInterfaceOrientationLandscapeLeft UIInterfaceOrientationLandscapeRight";
				INFOPLIST_KEY_UISupportedInterfaceOrientations_iPhone = "UIInterfaceOrientationPortrait UIInterfaceOrientationLandscapeLeft UIInterfaceOrientationLandscapeRight";
				LD_RUNPATH_SEARCH_PATHS = (
					"$(inherited)",
					"@executable_path/Frameworks",
				);
				MARKETING_VERSION = 1.0;
				PRODUCT_BUNDLE_IDENTIFIER = shmeltser.Counter2;
				PRODUCT_NAME = "$(TARGET_NAME)";
				SWIFT_EMIT_LOC_STRINGS = YES;
				SWIFT_VERSION = 5.0;
				TARGETED_DEVICE_FAMILY = "1,2";
			};
			name = Debug;
		};
		BB29B37C2D2D55AD00722B44 /* Release */ = {
			isa = XCBuildConfiguration;
			buildSettings = {
				ASSETCATALOG_COMPILER_APPICON_NAME = AppIcon;
				ASSETCATALOG_COMPILER_GLOBAL_ACCENT_COLOR_NAME = AccentColor;
				CODE_SIGN_STYLE = Automatic;
				CURRENT_PROJECT_VERSION = 1;
				DEVELOPMENT_TEAM = V6G36U4SCA;
				GENERATE_INFOPLIST_FILE = YES;
				INFOPLIST_FILE = Counter2/Info.plist;
				INFOPLIST_KEY_UIApplicationSupportsIndirectInputEvents = YES;
				INFOPLIST_KEY_UILaunchStoryboardName = LaunchScreen;
				INFOPLIST_KEY_UIMainStoryboardFile = Main;
				INFOPLIST_KEY_UISupportedInterfaceOrientations_iPad = "UIInterfaceOrientationPortrait UIInterfaceOrientationPortraitUpsideDown UIInterfaceOrientationLandscapeLeft UIInterfaceOrientationLandscapeRight";
				INFOPLIST_KEY_UISupportedInterfaceOrientations_iPhone = "UIInterfaceOrientationPortrait UIInterfaceOrientationLandscapeLeft UIInterfaceOrientationLandscapeRight";
				LD_RUNPATH_SEARCH_PATHS = (
					"$(inherited)",
					"@executable_path/Frameworks",
				);
				MARKETING_VERSION = 1.0;
				PRODUCT_BUNDLE_IDENTIFIER = shmeltser.Counter2;
				PRODUCT_NAME = "$(TARGET_NAME)";
				SWIFT_EMIT_LOC_STRINGS = YES;
				SWIFT_VERSION = 5.0;
				TARGETED_DEVICE_FAMILY = "1,2";
			};
			name = Release;
		};
		BB29B37E2D2D55AD00722B44 /* Debug */ = {
			isa = XCBuildConfiguration;
			buildSettings = {
				ALWAYS_EMBED_SWIFT_STANDARD_LIBRARIES = YES;
				BUNDLE_LOADER = "$(TEST_HOST)";
				CODE_SIGN_STYLE = Automatic;
				CURRENT_PROJECT_VERSION = 1;
				DEVELOPMENT_TEAM = V6G36U4SCA;
				GENERATE_INFOPLIST_FILE = YES;
				IPHONEOS_DEPLOYMENT_TARGET = 17.0;
				MARKETING_VERSION = 1.0;
				PRODUCT_BUNDLE_IDENTIFIER = shmeltser.Counter2Tests;
				PRODUCT_NAME = "$(TARGET_NAME)";
				SWIFT_EMIT_LOC_STRINGS = NO;
				SWIFT_VERSION = 5.0;
				TARGETED_DEVICE_FAMILY = "1,2";
				TEST_HOST = "$(BUILT_PRODUCTS_DIR)/Counter2.app/$(BUNDLE_EXECUTABLE_FOLDER_PATH)/Counter2";
			};
			name = Debug;
		};
		BB29B37F2D2D55AD00722B44 /* Release */ = {
			isa = XCBuildConfiguration;
			buildSettings = {
				ALWAYS_EMBED_SWIFT_STANDARD_LIBRARIES = YES;
				BUNDLE_LOADER = "$(TEST_HOST)";
				CODE_SIGN_STYLE = Automatic;
				CURRENT_PROJECT_VERSION = 1;
				DEVELOPMENT_TEAM = V6G36U4SCA;
				GENERATE_INFOPLIST_FILE = YES;
				IPHONEOS_DEPLOYMENT_TARGET = 17.0;
				MARKETING_VERSION = 1.0;
				PRODUCT_BUNDLE_IDENTIFIER = shmeltser.Counter2Tests;
				PRODUCT_NAME = "$(TARGET_NAME)";
				SWIFT_EMIT_LOC_STRINGS = NO;
				SWIFT_VERSION = 5.0;
				TARGETED_DEVICE_FAMILY = "1,2";
				TEST_HOST = "$(BUILT_PRODUCTS_DIR)/Counter2.app/$(BUNDLE_EXECUTABLE_FOLDER_PATH)/Counter2";
			};
			name = Release;
		};
		BB29B3812D2D55AD00722B44 /* Debug */ = {
			isa = XCBuildConfiguration;
			buildSettings = {
				ALWAYS_EMBED_SWIFT_STANDARD_LIBRARIES = YES;
				CODE_SIGN_STYLE = Automatic;
				CURRENT_PROJECT_VERSION = 1;
				DEVELOPMENT_TEAM = V6G36U4SCA;
				GENERATE_INFOPLIST_FILE = YES;
				MARKETING_VERSION = 1.0;
				PRODUCT_BUNDLE_IDENTIFIER = shmeltser.Counter2UITests;
				PRODUCT_NAME = "$(TARGET_NAME)";
				SWIFT_EMIT_LOC_STRINGS = NO;
				SWIFT_VERSION = 5.0;
				TARGETED_DEVICE_FAMILY = "1,2";
				TEST_TARGET_NAME = Counter2;
			};
			name = Debug;
		};
		BB29B3822D2D55AD00722B44 /* Release */ = {
			isa = XCBuildConfiguration;
			buildSettings = {
				ALWAYS_EMBED_SWIFT_STANDARD_LIBRARIES = YES;
				CODE_SIGN_STYLE = Automatic;
				CURRENT_PROJECT_VERSION = 1;
				DEVELOPMENT_TEAM = V6G36U4SCA;
				GENERATE_INFOPLIST_FILE = YES;
				MARKETING_VERSION = 1.0;
				PRODUCT_BUNDLE_IDENTIFIER = shmeltser.Counter2UITests;
				PRODUCT_NAME = "$(TARGET_NAME)";
				SWIFT_EMIT_LOC_STRINGS = NO;
				SWIFT_VERSION = 5.0;
				TARGETED_DEVICE_FAMILY = "1,2";
				TEST_TARGET_NAME = Counter2;
			};
			name = Release;
		};
/* End XCBuildConfiguration section */

/* Begin XCConfigurationList section */
		BB29B34B2D2D55AB00722B44 /* Build configuration list for PBXProject "Counter2" */ = {
			isa = XCConfigurationList;
			buildConfigurations = (
				BB29B3782D2D55AD00722B44 /* Debug */,
				BB29B3792D2D55AD00722B44 /* Release */,
			);
			defaultConfigurationIsVisible = 0;
			defaultConfigurationName = Release;
		};
		BB29B37A2D2D55AD00722B44 /* Build configuration list for PBXNativeTarget "Counter2" */ = {
			isa = XCConfigurationList;
			buildConfigurations = (
				BB29B37B2D2D55AD00722B44 /* Debug */,
				BB29B37C2D2D55AD00722B44 /* Release */,
			);
			defaultConfigurationIsVisible = 0;
			defaultConfigurationName = Release;
		};
		BB29B37D2D2D55AD00722B44 /* Build configuration list for PBXNativeTarget "Counter2Tests" */ = {
			isa = XCConfigurationList;
			buildConfigurations = (
				BB29B37E2D2D55AD00722B44 /* Debug */,
				BB29B37F2D2D55AD00722B44 /* Release */,
			);
			defaultConfigurationIsVisible = 0;
			defaultConfigurationName = Release;
		};
		BB29B3802D2D55AD00722B44 /* Build configuration list for PBXNativeTarget "Counter2UITests" */ = {
			isa = XCConfigurationList;
			buildConfigurations = (
				BB29B3812D2D55AD00722B44 /* Debug */,
				BB29B3822D2D55AD00722B44 /* Release */,
			);
			defaultConfigurationIsVisible = 0;
			defaultConfigurationName = Release;
		};
/* End XCConfigurationList section */
	};
	rootObject = BB29B3482D2D55AB00722B44 /* Project object */;
}
